{
  "meteor": {},
  "dependencies": {
    "basePackages": {
      "csv-to-collection": {}
    },
    "packages": {
      "csv-to-collection": {
        "git": "https://github.com/livingyang/csv-to-collection.git",
        "tag": "v0.2.0",
        "commit": "126cb4136574e81420e9103a71118a8c07a7add3"
      }
    }
  }
}
